// !$*UTF8*$!
{
	archiveVersion = 1;
	classes = {
	};
	objectVersion = 50;
	objects = {

/* Begin PBXBuildFile section */
		F98F811C26E0EE4200AD5EAD /* AppDelegate.swift in Sources */ = {isa = PBXBuildFile; fileRef = F98F811B26E0EE4200AD5EAD /* AppDelegate.swift */; };
		F98F811E26E0EE4200AD5EAD /* SceneDelegate.swift in Sources */ = {isa = PBXBuildFile; fileRef = F98F811D26E0EE4200AD5EAD /* SceneDelegate.swift */; };
		F98F812026E0EE4200AD5EAD /* ViewController.swift in Sources */ = {isa = PBXBuildFile; fileRef = F98F811F26E0EE4200AD5EAD /* ViewController.swift */; };
		F98F812326E0EE4200AD5EAD /* Main.storyboard in Resources */ = {isa = PBXBuildFile; fileRef = F98F812126E0EE4200AD5EAD /* Main.storyboard */; };
		F98F812526E0EE4400AD5EAD /* Assets.xcassets in Resources */ = {isa = PBXBuildFile; fileRef = F98F812426E0EE4400AD5EAD /* Assets.xcassets */; };
		F98F812826E0EE4400AD5EAD /* LaunchScreen.storyboard in Resources */ = {isa = PBXBuildFile; fileRef = F98F812626E0EE4400AD5EAD /* LaunchScreen.storyboard */; };
		F98F815B26E0EE8900AD5EAD /* ParameterEncoding.swift in Sources */ = {isa = PBXBuildFile; fileRef = F98F814326E0EE8900AD5EAD /* ParameterEncoding.swift */; };
		F98F815C26E0EE8900AD5EAD /* URLParameterEncoder.swift in Sources */ = {isa = PBXBuildFile; fileRef = F98F814426E0EE8900AD5EAD /* URLParameterEncoder.swift */; };
		F98F815D26E0EE8900AD5EAD /* JSONParameterEncoder.swift in Sources */ = {isa = PBXBuildFile; fileRef = F98F814526E0EE8900AD5EAD /* JSONParameterEncoder.swift */; };
		F98F815E26E0EE8900AD5EAD /* HTTPTask.swift in Sources */ = {isa = PBXBuildFile; fileRef = F98F814926E0EE8900AD5EAD /* HTTPTask.swift */; };
		F98F815F26E0EE8900AD5EAD /* HTTPMethod.swift in Sources */ = {isa = PBXBuildFile; fileRef = F98F814A26E0EE8900AD5EAD /* HTTPMethod.swift */; };
		F98F816026E0EE8900AD5EAD /* EndPointType.swift in Sources */ = {isa = PBXBuildFile; fileRef = F98F814B26E0EE8900AD5EAD /* EndPointType.swift */; };
		F98F816126E0EE8900AD5EAD /* NetworkError.swift in Sources */ = {isa = PBXBuildFile; fileRef = F98F814C26E0EE8900AD5EAD /* NetworkError.swift */; };
		F98F816326E2184800AD5EAD /* NetworkRouter.swift in Sources */ = {isa = PBXBuildFile; fileRef = F98F816226E2184800AD5EAD /* NetworkRouter.swift */; };
		F98F816526E219F200AD5EAD /* Router.swift in Sources */ = {isa = PBXBuildFile; fileRef = F98F816426E219F200AD5EAD /* Router.swift */; };
		F98F816726E228E900AD5EAD /* MovieEndPoint.swift in Sources */ = {isa = PBXBuildFile; fileRef = F98F816626E228E900AD5EAD /* MovieEndPoint.swift */; };
		F98F816A26E22CB200AD5EAD /* MovieModel.swift in Sources */ = {isa = PBXBuildFile; fileRef = F98F816926E22CB200AD5EAD /* MovieModel.swift */; };
		F98F816C26E2326500AD5EAD /* NetworkManager.swift in Sources */ = {isa = PBXBuildFile; fileRef = F98F816B26E2326500AD5EAD /* NetworkManager.swift */; };
/* End PBXBuildFile section */

/* Begin PBXFileReference section */
		F98F811826E0EE4200AD5EAD /* NetworkLayerTest.app */ = {isa = PBXFileReference; explicitFileType = wrapper.application; includeInIndex = 0; path = NetworkLayerTest.app; sourceTree = BUILT_PRODUCTS_DIR; };
		F98F811B26E0EE4200AD5EAD /* AppDelegate.swift */ = {isa = PBXFileReference; lastKnownFileType = sourcecode.swift; path = AppDelegate.swift; sourceTree = "<group>"; };
		F98F811D26E0EE4200AD5EAD /* SceneDelegate.swift */ = {isa = PBXFileReference; lastKnownFileType = sourcecode.swift; path = SceneDelegate.swift; sourceTree = "<group>"; };
		F98F811F26E0EE4200AD5EAD /* ViewController.swift */ = {isa = PBXFileReference; lastKnownFileType = sourcecode.swift; path = ViewController.swift; sourceTree = "<group>"; };
		F98F812226E0EE4200AD5EAD /* Base */ = {isa = PBXFileReference; lastKnownFileType = file.storyboard; name = Base; path = Base.lproj/Main.storyboard; sourceTree = "<group>"; };
		F98F812426E0EE4400AD5EAD /* Assets.xcassets */ = {isa = PBXFileReference; lastKnownFileType = folder.assetcatalog; path = Assets.xcassets; sourceTree = "<group>"; };
		F98F812726E0EE4400AD5EAD /* Base */ = {isa = PBXFileReference; lastKnownFileType = file.storyboard; name = Base; path = Base.lproj/LaunchScreen.storyboard; sourceTree = "<group>"; };
		F98F812926E0EE4400AD5EAD /* Info.plist */ = {isa = PBXFileReference; lastKnownFileType = text.plist.xml; path = Info.plist; sourceTree = "<group>"; };
		F98F814326E0EE8900AD5EAD /* ParameterEncoding.swift */ = {isa = PBXFileReference; fileEncoding = 4; lastKnownFileType = sourcecode.swift; path = ParameterEncoding.swift; sourceTree = "<group>"; };
		F98F814426E0EE8900AD5EAD /* URLParameterEncoder.swift */ = {isa = PBXFileReference; fileEncoding = 4; lastKnownFileType = sourcecode.swift; path = URLParameterEncoder.swift; sourceTree = "<group>"; };
		F98F814526E0EE8900AD5EAD /* JSONParameterEncoder.swift */ = {isa = PBXFileReference; fileEncoding = 4; lastKnownFileType = sourcecode.swift; path = JSONParameterEncoder.swift; sourceTree = "<group>"; };
		F98F814926E0EE8900AD5EAD /* HTTPTask.swift */ = {isa = PBXFileReference; fileEncoding = 4; lastKnownFileType = sourcecode.swift; path = HTTPTask.swift; sourceTree = "<group>"; };
		F98F814A26E0EE8900AD5EAD /* HTTPMethod.swift */ = {isa = PBXFileReference; fileEncoding = 4; lastKnownFileType = sourcecode.swift; path = HTTPMethod.swift; sourceTree = "<group>"; };
		F98F814B26E0EE8900AD5EAD /* EndPointType.swift */ = {isa = PBXFileReference; fileEncoding = 4; lastKnownFileType = sourcecode.swift; path = EndPointType.swift; sourceTree = "<group>"; };
		F98F814C26E0EE8900AD5EAD /* NetworkError.swift */ = {isa = PBXFileReference; fileEncoding = 4; lastKnownFileType = sourcecode.swift; path = NetworkError.swift; sourceTree = "<group>"; };
		F98F816226E2184800AD5EAD /* NetworkRouter.swift */ = {isa = PBXFileReference; lastKnownFileType = sourcecode.swift; path = NetworkRouter.swift; sourceTree = "<group>"; };
		F98F816426E219F200AD5EAD /* Router.swift */ = {isa = PBXFileReference; lastKnownFileType = sourcecode.swift; path = Router.swift; sourceTree = "<group>"; };
		F98F816626E228E900AD5EAD /* MovieEndPoint.swift */ = {isa = PBXFileReference; lastKnownFileType = sourcecode.swift; path = MovieEndPoint.swift; sourceTree = "<group>"; };
		F98F816926E22CB200AD5EAD /* MovieModel.swift */ = {isa = PBXFileReference; lastKnownFileType = sourcecode.swift; path = MovieModel.swift; sourceTree = "<group>"; };
		F98F816B26E2326500AD5EAD /* NetworkManager.swift */ = {isa = PBXFileReference; lastKnownFileType = sourcecode.swift; path = NetworkManager.swift; sourceTree = "<group>"; };
/* End PBXFileReference section */

/* Begin PBXFrameworksBuildPhase section */
		F98F811526E0EE4200AD5EAD /* Frameworks */ = {
			isa = PBXFrameworksBuildPhase;
			buildActionMask = 2147483647;
			files = (
			);
			runOnlyForDeploymentPostprocessing = 0;
		};
/* End PBXFrameworksBuildPhase section */

/* Begin PBXGroup section */
		F98F810F26E0EE4200AD5EAD = {
			isa = PBXGroup;
			children = (
				F98F811A26E0EE4200AD5EAD /* NetworkLayerTest */,
				F98F811926E0EE4200AD5EAD /* Products */,
			);
			sourceTree = "<group>";
		};
		F98F811926E0EE4200AD5EAD /* Products */ = {
			isa = PBXGroup;
			children = (
				F98F811826E0EE4200AD5EAD /* NetworkLayerTest.app */,
			);
			name = Products;
			sourceTree = "<group>";
		};
		F98F811A26E0EE4200AD5EAD /* NetworkLayerTest */ = {
			isa = PBXGroup;
			children = (
				F98F816826E22CA500AD5EAD /* Model */,
				F98F814126E0EE8900AD5EAD /* Networking */,
				F98F811B26E0EE4200AD5EAD /* AppDelegate.swift */,
				F98F811D26E0EE4200AD5EAD /* SceneDelegate.swift */,
				F98F811F26E0EE4200AD5EAD /* ViewController.swift */,
				F98F812126E0EE4200AD5EAD /* Main.storyboard */,
				F98F812426E0EE4400AD5EAD /* Assets.xcassets */,
				F98F812626E0EE4400AD5EAD /* LaunchScreen.storyboard */,
				F98F812926E0EE4400AD5EAD /* Info.plist */,
			);
			path = NetworkLayerTest;
			sourceTree = "<group>";
		};
		F98F814126E0EE8900AD5EAD /* Networking */ = {
			isa = PBXGroup;
			children = (
				F98F814226E0EE8900AD5EAD /* Encoding */,
				F98F814626E0EE8900AD5EAD /* Manager */,
				F98F814726E0EE8900AD5EAD /* EndPoint */,
				F98F814826E0EE8900AD5EAD /* Service */,
			);
			path = Networking;
			sourceTree = "<group>";
		};
		F98F814226E0EE8900AD5EAD /* Encoding */ = {
			isa = PBXGroup;
			children = (
				F98F814326E0EE8900AD5EAD /* ParameterEncoding.swift */,
				F98F814426E0EE8900AD5EAD /* URLParameterEncoder.swift */,
				F98F814526E0EE8900AD5EAD /* JSONParameterEncoder.swift */,
			);
			path = Encoding;
			sourceTree = "<group>";
		};
		F98F814626E0EE8900AD5EAD /* Manager */ = {
			isa = PBXGroup;
			children = (
				F98F816B26E2326500AD5EAD /* NetworkManager.swift */,
			);
			path = Manager;
			sourceTree = "<group>";
		};
		F98F814726E0EE8900AD5EAD /* EndPoint */ = {
			isa = PBXGroup;
			children = (
				F98F816626E228E900AD5EAD /* MovieEndPoint.swift */,
			);
			path = EndPoint;
			sourceTree = "<group>";
		};
		F98F814826E0EE8900AD5EAD /* Service */ = {
			isa = PBXGroup;
			children = (
				F98F814926E0EE8900AD5EAD /* HTTPTask.swift */,
				F98F814A26E0EE8900AD5EAD /* HTTPMethod.swift */,
				F98F814B26E0EE8900AD5EAD /* EndPointType.swift */,
				F98F814C26E0EE8900AD5EAD /* NetworkError.swift */,
				F98F816226E2184800AD5EAD /* NetworkRouter.swift */,
				F98F816426E219F200AD5EAD /* Router.swift */,
			);
			path = Service;
			sourceTree = "<group>";
		};
		F98F816826E22CA500AD5EAD /* Model */ = {
			isa = PBXGroup;
			children = (
				F98F816926E22CB200AD5EAD /* MovieModel.swift */,
			);
			path = Model;
			sourceTree = "<group>";
		};
/* End PBXGroup section */

/* Begin PBXNativeTarget section */
		F98F811726E0EE4200AD5EAD /* NetworkLayerTest */ = {
			isa = PBXNativeTarget;
			buildConfigurationList = F98F812C26E0EE4400AD5EAD /* Build configuration list for PBXNativeTarget "NetworkLayerTest" */;
			buildPhases = (
				F98F811426E0EE4200AD5EAD /* Sources */,
				F98F811526E0EE4200AD5EAD /* Frameworks */,
				F98F811626E0EE4200AD5EAD /* Resources */,
			);
			buildRules = (
			);
			dependencies = (
			);
			name = NetworkLayerTest;
			productName = NetworkLayerTest;
			productReference = F98F811826E0EE4200AD5EAD /* NetworkLayerTest.app */;
			productType = "com.apple.product-type.application";
		};
/* End PBXNativeTarget section */

/* Begin PBXProject section */
		F98F811026E0EE4200AD5EAD /* Project object */ = {
			isa = PBXProject;
			attributes = {
				LastSwiftUpdateCheck = 1250;
				LastUpgradeCheck = 1250;
				TargetAttributes = {
					F98F811726E0EE4200AD5EAD = {
						CreatedOnToolsVersion = 12.5.1;
					};
				};
			};
			buildConfigurationList = F98F811326E0EE4200AD5EAD /* Build configuration list for PBXProject "NetworkLayerTest" */;
			compatibilityVersion = "Xcode 9.3";
			developmentRegion = en;
			hasScannedForEncodings = 0;
			knownRegions = (
				en,
				Base,
			);
			mainGroup = F98F810F26E0EE4200AD5EAD;
			productRefGroup = F98F811926E0EE4200AD5EAD /* Products */;
			projectDirPath = "";
			projectRoot = "";
			targets = (
				F98F811726E0EE4200AD5EAD /* NetworkLayerTest */,
			);
		};
/* End PBXProject section */

/* Begin PBXResourcesBuildPhase section */
		F98F811626E0EE4200AD5EAD /* Resources */ = {
			isa = PBXResourcesBuildPhase;
			buildActionMask = 2147483647;
			files = (
				F98F812826E0EE4400AD5EAD /* LaunchScreen.storyboard in Resources */,
				F98F812526E0EE4400AD5EAD /* Assets.xcassets in Resources */,
				F98F812326E0EE4200AD5EAD /* Main.storyboard in Resources */,
			);
			runOnlyForDeploymentPostprocessing = 0;
		};
/* End PBXResourcesBuildPhase section */

/* Begin PBXSourcesBuildPhase section */
		F98F811426E0EE4200AD5EAD /* Sources */ = {
			isa = PBXSourcesBuildPhase;
			buildActionMask = 2147483647;
			files = (
				F98F816A26E22CB200AD5EAD /* MovieModel.swift in Sources */,
				F98F815E26E0EE8900AD5EAD /* HTTPTask.swift in Sources */,
				F98F816326E2184800AD5EAD /* NetworkRouter.swift in Sources */,
				F98F815D26E0EE8900AD5EAD /* JSONParameterEncoder.swift in Sources */,
				F98F815C26E0EE8900AD5EAD /* URLParameterEncoder.swift in Sources */,
				F98F816526E219F200AD5EAD /* Router.swift in Sources */,
				F98F816726E228E900AD5EAD /* MovieEndPoint.swift in Sources */,
				F98F815B26E0EE8900AD5EAD /* ParameterEncoding.swift in Sources */,
				F98F812026E0EE4200AD5EAD /* ViewController.swift in Sources */,
				F98F811C26E0EE4200AD5EAD /* AppDelegate.swift in Sources */,
				F98F816126E0EE8900AD5EAD /* NetworkError.swift in Sources */,
				F98F815F26E0EE8900AD5EAD /* HTTPMethod.swift in Sources */,
				F98F816C26E2326500AD5EAD /* NetworkManager.swift in Sources */,
				F98F811E26E0EE4200AD5EAD /* SceneDelegate.swift in Sources */,
				F98F816026E0EE8900AD5EAD /* EndPointType.swift in Sources */,
			);
			runOnlyForDeploymentPostprocessing = 0;
		};
/* End PBXSourcesBuildPhase section */

/* Begin PBXVariantGroup section */
		F98F812126E0EE4200AD5EAD /* Main.storyboard */ = {
			isa = PBXVariantGroup;
			children = (
				F98F812226E0EE4200AD5EAD /* Base */,
			);
			name = Main.storyboard;
			sourceTree = "<group>";
		};
		F98F812626E0EE4400AD5EAD /* LaunchScreen.storyboard */ = {
			isa = PBXVariantGroup;
			children = (
				F98F812726E0EE4400AD5EAD /* Base */,
			);
			name = LaunchScreen.storyboard;
			sourceTree = "<group>";
		};
/* End PBXVariantGroup section */

/* Begin XCBuildConfiguration section */
		F98F812A26E0EE4400AD5EAD /* Debug */ = {
			isa = XCBuildConfiguration;
			buildSettings = {
				ALWAYS_SEARCH_USER_PATHS = NO;
				CLANG_ANALYZER_NONNULL = YES;
				CLANG_ANALYZER_NUMBER_OBJECT_CONVERSION = YES_AGGRESSIVE;
				CLANG_CXX_LANGUAGE_STANDARD = "gnu++14";
				CLANG_CXX_LIBRARY = "libc++";
				CLANG_ENABLE_MODULES = YES;
				CLANG_ENABLE_OBJC_ARC = YES;
				CLANG_ENABLE_OBJC_WEAK = YES;
				CLANG_WARN_BLOCK_CAPTURE_AUTORELEASING = YES;
				CLANG_WARN_BOOL_CONVERSION = YES;
				CLANG_WARN_COMMA = YES;
				CLANG_WARN_CONSTANT_CONVERSION = YES;
				CLANG_WARN_DEPRECATED_OBJC_IMPLEMENTATIONS = YES;
				CLANG_WARN_DIRECT_OBJC_ISA_USAGE = YES_ERROR;
				CLANG_WARN_DOCUMENTATION_COMMENTS = YES;
				CLANG_WARN_EMPTY_BODY = YES;
				CLANG_WARN_ENUM_CONVERSION = YES;
				CLANG_WARN_INFINITE_RECURSION = YES;
				CLANG_WARN_INT_CONVERSION = YES;
				CLANG_WARN_NON_LITERAL_NULL_CONVERSION = YES;
				CLANG_WARN_OBJC_IMPLICIT_RETAIN_SELF = YES;
				CLANG_WARN_OBJC_LITERAL_CONVERSION = YES;
				CLANG_WARN_OBJC_ROOT_CLASS = YES_ERROR;
				CLANG_WARN_QUOTED_INCLUDE_IN_FRAMEWORK_HEADER = YES;
				CLANG_WARN_RANGE_LOOP_ANALYSIS = YES;
				CLANG_WARN_STRICT_PROTOTYPES = YES;
				CLANG_WARN_SUSPICIOUS_MOVE = YES;
				CLANG_WARN_UNGUARDED_AVAILABILITY = YES_AGGRESSIVE;
				CLANG_WARN_UNREACHABLE_CODE = YES;
				CLANG_WARN__DUPLICATE_METHOD_MATCH = YES;
				COPY_PHASE_STRIP = NO;
				DEBUG_INFORMATION_FORMAT = dwarf;
				ENABLE_STRICT_OBJC_MSGSEND = YES;
				ENABLE_TESTABILITY = YES;
				GCC_C_LANGUAGE_STANDARD = gnu11;
				GCC_DYNAMIC_NO_PIC = NO;
				GCC_NO_COMMON_BLOCKS = YES;
				GCC_OPTIMIZATION_LEVEL = 0;
				GCC_PREPROCESSOR_DEFINITIONS = (
					"DEBUG=1",
					"$(inherited)",
				);
				GCC_WARN_64_TO_32_BIT_CONVERSION = YES;
				GCC_WARN_ABOUT_RETURN_TYPE = YES_ERROR;
				GCC_WARN_UNDECLARED_SELECTOR = YES;
				GCC_WARN_UNINITIALIZED_AUTOS = YES_AGGRESSIVE;
				GCC_WARN_UNUSED_FUNCTION = YES;
				GCC_WARN_UNUSED_VARIABLE = YES;
				IPHONEOS_DEPLOYMENT_TARGET = 14.5;
				MTL_ENABLE_DEBUG_INFO = INCLUDE_SOURCE;
				MTL_FAST_MATH = YES;
				ONLY_ACTIVE_ARCH = YES;
				SDKROOT = iphoneos;
				SWIFT_ACTIVE_COMPILATION_CONDITIONS = DEBUG;
				SWIFT_OPTIMIZATION_LEVEL = "-Onone";
			};
			name = Debug;
		};
		F98F812B26E0EE4400AD5EAD /* Release */ = {
			isa = XCBuildConfiguration;
			buildSettings = {
				ALWAYS_SEARCH_USER_PATHS = NO;
				CLANG_ANALYZER_NONNULL = YES;
				CLANG_ANALYZER_NUMBER_OBJECT_CONVERSION = YES_AGGRESSIVE;
				CLANG_CXX_LANGUAGE_STANDARD = "gnu++14";
				CLANG_CXX_LIBRARY = "libc++";
				CLANG_ENABLE_MODULES = YES;
				CLANG_ENABLE_OBJC_ARC = YES;
				CLANG_ENABLE_OBJC_WEAK = YES;
				CLANG_WARN_BLOCK_CAPTURE_AUTORELEASING = YES;
				CLANG_WARN_BOOL_CONVERSION = YES;
				CLANG_WARN_COMMA = YES;
				CLANG_WARN_CONSTANT_CONVERSION = YES;
				CLANG_WARN_DEPRECATED_OBJC_IMPLEMENTATIONS = YES;
				CLANG_WARN_DIRECT_OBJC_ISA_USAGE = YES_ERROR;
				CLANG_WARN_DOCUMENTATION_COMMENTS = YES;
				CLANG_WARN_EMPTY_BODY = YES;
				CLANG_WARN_ENUM_CONVERSION = YES;
				CLANG_WARN_INFINITE_RECURSION = YES;
				CLANG_WARN_INT_CONVERSION = YES;
				CLANG_WARN_NON_LITERAL_NULL_CONVERSION = YES;
				CLANG_WARN_OBJC_IMPLICIT_RETAIN_SELF = YES;
				CLANG_WARN_OBJC_LITERAL_CONVERSION = YES;
				CLANG_WARN_OBJC_ROOT_CLASS = YES_ERROR;
				CLANG_WARN_QUOTED_INCLUDE_IN_FRAMEWORK_HEADER = YES;
				CLANG_WARN_RANGE_LOOP_ANALYSIS = YES;
				CLANG_WARN_STRICT_PROTOTYPES = YES;
				CLANG_WARN_SUSPICIOUS_MOVE = YES;
				CLANG_WARN_UNGUARDED_AVAILABILITY = YES_AGGRESSIVE;
				CLANG_WARN_UNREACHABLE_CODE = YES;
				CLANG_WARN__DUPLICATE_METHOD_MATCH = YES;
				COPY_PHASE_STRIP = NO;
				DEBUG_INFORMATION_FORMAT = "dwarf-with-dsym";
				ENABLE_NS_ASSERTIONS = NO;
				ENABLE_STRICT_OBJC_MSGSEND = YES;
				GCC_C_LANGUAGE_STANDARD = gnu11;
				GCC_NO_COMMON_BLOCKS = YES;
				GCC_WARN_64_TO_32_BIT_CONVERSION = YES;
				GCC_WARN_ABOUT_RETURN_TYPE = YES_ERROR;
				GCC_WARN_UNDECLARED_SELECTOR = YES;
				GCC_WARN_UNINITIALIZED_AUTOS = YES_AGGRESSIVE;
				GCC_WARN_UNUSED_FUNCTION = YES;
				GCC_WARN_UNUSED_VARIABLE = YES;
				IPHONEOS_DEPLOYMENT_TARGET = 14.5;
				MTL_ENABLE_DEBUG_INFO = NO;
				MTL_FAST_MATH = YES;
				SDKROOT = iphoneos;
				SWIFT_COMPILATION_MODE = wholemodule;
				SWIFT_OPTIMIZATION_LEVEL = "-O";
				VALIDATE_PRODUCT = YES;
			};
			name = Release;
		};
		F98F812D26E0EE4400AD5EAD /* Debug */ = {
			isa = XCBuildConfiguration;
			buildSettings = {
				ASSETCATALOG_COMPILER_APPICON_NAME = AppIcon;
				ASSETCATALOG_COMPILER_GLOBAL_ACCENT_COLOR_NAME = AccentColor;
				CODE_SIGN_STYLE = Automatic;
				DEVELOPMENT_TEAM = 6F228H4277;
				INFOPLIST_FILE = NetworkLayerTest/Info.plist;
				LD_RUNPATH_SEARCH_PATHS = (
					"$(inherited)",
					"@executable_path/Frameworks",
				);
				PRODUCT_BUNDLE_IDENTIFIER = com.devshkliaruk.NetworkLayerTest;
				PRODUCT_NAME = "$(TARGET_NAME)";
				SWIFT_VERSION = 5.0;
				TARGETED_DEVICE_FAMILY = "1,2";
			};
			name = Debug;
		};
		F98F812E26E0EE4400AD5EAD /* Release */ = {
			isa = XCBuildConfiguration;
			buildSettings = {
				ASSETCATALOG_COMPILER_APPICON_NAME = AppIcon;
				ASSETCATALOG_COMPILER_GLOBAL_ACCENT_COLOR_NAME = AccentColor;
				CODE_SIGN_STYLE = Automatic;
				DEVELOPMENT_TEAM = 6F228H4277;
				INFOPLIST_FILE = NetworkLayerTest/Info.plist;
				LD_RUNPATH_SEARCH_PATHS = (
					"$(inherited)",
					"@executable_path/Frameworks",
				);
				PRODUCT_BUNDLE_IDENTIFIER = com.devshkliaruk.NetworkLayerTest;
				PRODUCT_NAME = "$(TARGET_NAME)";
				SWIFT_VERSION = 5.0;
				TARGETED_DEVICE_FAMILY = "1,2";
			};
			name = Release;
		};
/* End XCBuildConfiguration section */

/* Begin XCConfigurationList section */
		F98F811326E0EE4200AD5EAD /* Build configuration list for PBXProject "NetworkLayerTest" */ = {
			isa = XCConfigurationList;
			buildConfigurations = (
				F98F812A26E0EE4400AD5EAD /* Debug */,
				F98F812B26E0EE4400AD5EAD /* Release */,
			);
			defaultConfigurationIsVisible = 0;
			defaultConfigurationName = Release;
		};
		F98F812C26E0EE4400AD5EAD /* Build configuration list for PBXNativeTarget "NetworkLayerTest" */ = {
			isa = XCConfigurationList;
			buildConfigurations = (
				F98F812D26E0EE4400AD5EAD /* Debug */,
				F98F812E26E0EE4400AD5EAD /* Release */,
			);
			defaultConfigurationIsVisible = 0;
			defaultConfigurationName = Release;
		};
/* End XCConfigurationList section */
	};
	rootObject = F98F811026E0EE4200AD5EAD /* Project object */;
}
